<?xml version="1.0" encoding="utf-8"?>
<Project ToolsVersion="4.0" xmlns="http://schemas.microsoft.com/developer/msbuild/2003">
  <ItemGroup>
    <Filter Include="Source Files">
      <UniqueIdentifier>{4FC737F1-C7A5-4376-A066-2A32D752A2FF}</UniqueIdentifier>
      <Extensions>cpp;c;cc;cxx;c++;cppm;ixx;def;odl;idl;hpj;bat;asm;asmx</Extensions>
    </Filter>
    <Filter Include="Header Files">
      <UniqueIdentifier>{93995380-89BD-4b04-88EB-625FBE52EBFB}</UniqueIdentifier>
      <Extensions>h;hh;hpp;hxx;h++;hm;inl;inc;ipp;xsd</Extensions>
    </Filter>
    <Filter Include="Resource Files">
      <UniqueIdentifier>{67DA6AB6-F800-4c08-8B7A-83BB121AAD01}</UniqueIdentifier>
      <Extensions>rc;ico;cur;bmp;dlg;rc2;rct;bin;rgs;gif;jpg;jpeg;jpe;resx;tiff;tif;png;wav;mfcribbon-ms</Extensions>
    </Filter>
  </ItemGroup>
  <ItemGroup>
    <ClInclude Include="wxExcel.h">
      <Filter>Header Files</Filter>
    </ClInclude>
    <ClInclude Include="MainFrame.h">
      <Filter>Header Files</Filter>
    </ClInclude>
    <ClInclude Include="InfiniteGrid.h">
      <Filter>Header Files</Filter>
    </ClInclude>
    <ClInclude Include="LexemParser.h">
      <Filter>Header Files</Filter>
    </ClInclude>
    <ClInclude Include="ExprNumber.h">
      <Filter>Header Files</Filter>
    </ClInclude>
    <ClInclude Include="ExprCell.h">
      <Filter>Header Files</Filter>
    </ClInclude>
    <ClInclude Include="LiteralsContainer.h">
      <Filter>Header Files</Filter>
    </ClInclude>
    <ClInclude Include="Lexem.h">
      <Filter>Header Files</Filter>
    </ClInclude>
    <ClInclude Include="ExprCellSelection.h">
      <Filter>Header Files</Filter>
    </ClInclude>
    <ClInclude Include="GrammarChecker.h">
      <Filter>Header Files</Filter>
    </ClInclude>
    <ClInclude Include="ExpressionBase.h">
      <Filter>Header Files</Filter>
    </ClInclude>
    <ClInclude Include="TwoArgExpression.h">
      <Filter>Header Files</Filter>
    </ClInclude>
    <ClInclude Include="ExprSum.h">
      <Filter>Header Files</Filter>
    </ClInclude>
    <ClInclude Include="ExprFormer.h">
      <Filter>Header Files</Filter>
    </ClInclude>
    <ClInclude Include="CellFunction.h">
      <Filter>Header Files</Filter>
    </ClInclude>
    <ClInclude Include="ExprSubtract.h">
      <Filter>Header Files</Filter>
    </ClInclude>
    <ClInclude Include="ExprMul.h">
      <Filter>Header Files</Filter>
    </ClInclude>
    <ClInclude Include="ExprDiv.h">
      <Filter>Header Files</Filter>
    </ClInclude>
    <ClInclude Include="FuncBase.h">
      <Filter>Header Files</Filter>
    </ClInclude>
    <ClInclude Include="FuncSqrt.h">
      <Filter>Header Files</Filter>
    </ClInclude>
    <ClInclude Include="FuncSum.h">
      <Filter>Header Files</Filter>
    </ClInclude>
    <ClInclude Include="FuncAvg.h">
      <Filter>Header Files</Filter>
    </ClInclude>
    <ClInclude Include="FuncPow.h">
      <Filter>Header Files</Filter>
    </ClInclude>
    <ClInclude Include="FuncMax.h">
      <Filter>Header Files</Filter>
    </ClInclude>
    <ClInclude Include="FuncMin.h">
      <Filter>Header Files</Filter>
    </ClInclude>
    <ClInclude Include="CellsObserver.h">
      <Filter>Header Files</Filter>
    </ClInclude>
  </ItemGroup>
  <ItemGroup>
    <ClCompile Include="wxExcel.cpp">
      <Filter>Source Files</Filter>
    </ClCompile>
    <ClCompile Include="MainFrame.cpp">
      <Filter>Source Files</Filter>
    </ClCompile>
    <ClCompile Include="InfiniteGrid.cpp">
      <Filter>Source Files</Filter>
    </ClCompile>
    <ClCompile Include="LexemParser.cpp">
      <Filter>Source Files</Filter>
    </ClCompile>
    <ClCompile Include="ExprNumber.cpp">
      <Filter>Source Files</Filter>
    </ClCompile>
    <ClCompile Include="ExprCell.cpp">
      <Filter>Source Files</Filter>
    </ClCompile>
    <ClCompile Include="LiteralsContainer.cpp">
      <Filter>Source Files</Filter>
    </ClCompile>
    <ClCompile Include="Lexem.cpp">
      <Filter>Source Files</Filter>
    </ClCompile>
    <ClCompile Include="ExprCellSelection.cpp">
      <Filter>Source Files</Filter>
    </ClCompile>
    <ClCompile Include="GrammarChecker.cpp">
      <Filter>Source Files</Filter>
    </ClCompile>
    <ClCompile Include="LexParsingConsts.cpp">
      <Filter>Source Files</Filter>
    </ClCompile>
    <ClCompile Include="ExpressionBase.cpp">
      <Filter>Source Files</Filter>
    </ClCompile>
    <ClCompile Include="TwoArgExpression.cpp">
      <Filter>Source Files</Filter>
    </ClCompile>
    <ClCompile Include="ExprSum.cpp">
      <Filter>Source Files</Filter>
    </ClCompile>
    <ClCompile Include="ExprFormer.cpp">
      <Filter>Source Files</Filter>
    </ClCompile>
    <ClCompile Include="CellFunction.cpp">
      <Filter>Source Files</Filter>
    </ClCompile>
    <ClCompile Include="ExprSubtract.cpp">
      <Filter>Source Files</Filter>
    </ClCompile>
    <ClCompile Include="ExprMul.cpp">
      <Filter>Source Files</Filter>
    </ClCompile>
    <ClCompile Include="ExprDiv.cpp">
      <Filter>Source Files</Filter>
    </ClCompile>
    <ClCompile Include="FunctionExpression.cpp">
      <Filter>Source Files</Filter>
    </ClCompile>
    <ClCompile Include="FuncSqrt.cpp">
      <Filter>Source Files</Filter>
    </ClCompile>
    <ClCompile Include="FuncSum.cpp">
      <Filter>Source Files</Filter>
    </ClCompile>
    <ClCompile Include="FuncAvg.cpp">
      <Filter>Source Files</Filter>
    </ClCompile>
    <ClCompile Include="FuncPow.cpp">
      <Filter>Source Files</Filter>
    </ClCompile>
    <ClCompile Include="FuncMax.cpp">
      <Filter>Source Files</Filter>
    </ClCompile>
    <ClCompile Include="FuncMin.cpp">
      <Filter>Source Files</Filter>
    </ClCompile>
    <ClCompile Include="CellsObserver.cpp">
      <Filter>Source Files</Filter>
    </ClCompile>
  </ItemGroup>
</Project>